{
  "name": "tyumen-smart-city",
  "version": "0.0.0",
  "lockfileVersion": 3,
  "requires": true,
  "packages": {
    "": {
      "name": "tyumen-smart-city",
      "version": "0.0.0",
      "dependencies": {
        "react": "^18.3.1",
        "react-dom": "^18.3.1"
      },
      "devDependencies": {
        "@types/react": "^18.3.3",
        "@types/react-dom": "^18.3.0",
        "@vitejs/plugin-react": "^4.3.1",
        "typescript": "^5.5.3",
        "vite": "^5.3.1"
      }
    },
    "node_modules/@babel/runtime": {
      "version": "7.24.7",
      "resolved": "https://registry.npmjs.org/@babel/runtime/-/runtime-7.24.7.tgz",
      "integrity": "sha512-UqyZgotOFgbb8aRB+20s22Lyw4E1s8hJ6aOc2lCAbstr+2h0gP4/2SRF3aM0z2r1QvIx/75SmIB82o7Po3D2w==",
      "dev": true,
      "dependencies": {
        "regenerator-runtime": "^0.14.0"
      },
      "engines": {
        "node": ">=6.9.0"
      }
    },
    "node_modules/@esbuild/android-arm": {
      "version": "0.21.5",
      "resolved": "https://registry.npmjs.org/@esbuild/android-arm/-/android-arm-0.21.5.tgz",
      "integrity": "sha512-xXjI9cOQ0KxQc+xH+3M3VzGzE8d2h4C5QpQsrxxLgM83j1t2h+3A1A2v2Uj82QG3zI6L6vM84o+DdA==",
      "cpu": [
        "arm"
      ],
      "dev": true,
      "optional": true,
      "os": [
        "android"
      ],
      "engines": {
        "node": ">=12"
      }
    },
    "node_modules/@esbuild/android-arm64": {
      "version": "0.21.5",
      "resolved": "https://registry.npmjs.org/@esbuild/android-arm64/-/android-arm64-0.21.5.tgz",
      "integrity": "sha512-Qj/Qj/eGfrNfGjrxb91CgT3vA8O5e8+gO74zFwR27i2G3XqVzMvtrw3mD6cw2T+W5jT+sB7/5u4gDg==",
      "cpu": [
        "arm64"
      ],
      "dev": true,
      "optional": true,
      "os": [
        "android"
      ],
      "engines": {
        "node": ">=12"
      }
    },
    "node_modules/@esbuild/android-x64": {
      "version": "0.21.5",
      "resolved": "https://registry.npmjs.org/@esbuild/android-x64/-/android-x64-0.21.5.tgz",
      "integrity": "sha512-v2lqD3kHlq9dL2v2JBf+eTSp/7v6wV5N72YfXFm5q0nO6zM8rGDBx/gQ+dC8/eLdM7n143G3UUn1mQ==",
      "cpu": [
        "x64"
      ],
      "dev": true,
      "optional": true,
      "os": [
        "android"
      ],
      "engines": {
        "node": ">=12"
      }
    },
    "node_modules/@esbuild/darwin-arm64": {
      "version": "0.21.5",
      "resolved": "https://registry.npmjs.org/@esbuild/darwin-arm64/-/darwin-arm64-0.21.5.tgz",
      "integrity": "sha512-19eX/cQ8/LdYy331QAMz8P5bLcrAABsE1rBnaM9Pq0sWfI/k5MR+wW6CjgX1z8jHkUa39a/J5E/3dG1+7Q==",
      "cpu": [
        "arm64"
      ],
      "dev": true,
      "optional": true,
      "os": [
        "darwin"
      ],
      "engines": {
        "node": ">=12"
      }
    },
    "node_modules/@esbuild/darwin-x64": {
      "version": "0.21.5",
      "resolved": "https://registry.npmjs.org/@esbuild/darwin-x64/-/darwin-x64-0.21.5.tgz",
      "integrity": "sha512-T9s0I+J7ycB/nZfCjV10e2sA5+pYvOVC6q2P5nCg/0+y21+zJ0N6JdJ3+r+6iMvVWgKq/fV1K3r+aQ==",
      "cpu": [
        "x64"
      ],
      "dev": true,
      "optional": true,
      "os": [
        "darwin"
      ],
      "engines": {
        "node": ">=12"
      }
    },
    "node_modules/@esbuild/freebsd-arm64": {
      "version": "0.21.5",
      "resolved": "https://registry.npmjs.org/@esbuild/freebsd-arm64/-/freebsd-arm64-0.21.5.tgz",
      "integrity": "sha512-rF+k8QW4hM4jT8dGqDkU3fXlYh3N3gY34Y+2O+P1n/+S97vM+HqYtQvJdY5uN65v7d46c3b6nQ9/Q==",
      "cpu": [
        "arm64"
      ],
      "dev": true,
      "optional": true,
      "os": [
        "freebsd"
      ],
      "engines": {
        "node": ">=12"
      }
    },
    "node_modules/@esbuild/freebsd-x64": {
      "version": "0.21.5",
      "resolved": "https://registry.npmjs.org/@esbuild/freebsd-x64/-/freebsd-x64-0.21.5.tgz",
      "integrity": "sha512-9F1gVfP198RjQXFvXU1j+0q7T3X6U9x7jA3MteC0lD+Gf/39v2x1hL9p/jW7W5/wL+jM75xH86y9/A==",
      "cpu": [
        "x64"
      ],
      "dev": true,
      "optional": true,
      "os": [
        "freebsd"
      ],
      "engines": {
        "node": ">=12"
      }
    },
    "node_modules/@esbuild/linux-arm": {
      "version": "0.21.5",
      "resolved": "https://registry.npmjs.org/@esbuild/linux-arm/-/linux-arm-0.21.5.tgz",
      "integrity": "sha512-P3a/Gv14P/Lg49x5M0M1u/B8+c23lW/pS3sFm7ePz+3e2q7Vj3eB22P/XUaXjM6n4T6sM7e+QpDxg==",
      "cpu": [
        "arm"
      ],
      "dev": true,
      "optional": true,
      "os": [
        "linux"
      ],
      "engines": {
        "node": ">=12"
      }
    },
    "node_modules/@esbuild/linux-arm64": {
      "version": "0.21.5",
      "resolved": "https://registry.npmjs.org/@esbuild/linux-arm64/-/linux-arm64-0.21.5.tgz",
      "integrity": "sha512-o49WbW1RjKxrVp5c/m5c9uFq/f5bU+B0Q+cR20fMy2gI/nJ8u+gJ6o2+Yj27o7d1u4s412d/sQ39+Q==",
      "cpu": [
        "arm64"
      ],
      "dev": true,
      "optional": true,
      "os": [
        "linux"
      ],
      "engines": {
        "node": ">=12"
      }
    },
    "node_modules/@esbuild/linux-ia32": {
      "version": "0.21.5",
      "resolved": "https://registry.npmjs.org/@esbuild/linux-ia32/-/linux-ia32-0.21.5.tgz",
      "integrity": "sha512-i6vD71U/6Xm4W7PqT2b2UvjR/mYdCzh2WdJSHN5Mv/Z4MmdLgB8/6+F1Hw6q2vMv+5pXgB+7Y/KqGg==",
      "cpu": [
        "ia32"
      ],
      "dev": true,
      "optional": true,
      "os": [
        "linux"
      ],
      "engines": {
        "node": ">=12"
      }
    },
    "node_modules/@esbuild/linux-loong64": {
      "version": "0.21.5",
      "resolved": "https://registry.npmjs.org/@esbuild/linux-loong64/-/linux-loong64-0.21.5.tgz",
      "integrity": "sha512-42U03C4B62d4Y+wY6A62x+4K5k+sXvS2f7fP+0R4b2eLSAjN+Q4pW+Jg5p8iKk3sXJqCj2N/27xW8g==",
      "cpu": [
        "loong64"
      ],
      "dev": true,
      "optional": true,
      "os": [
        "linux"
      ],
      "engines": {
        "node": ">=12"
      }
    },
    "node_modules/@esbuild/linux-mips64el": {
      "version": "0.21.5",
      "resolved": "https://registry.npmjs.org/@esbuild/linux-mips64el/-/linux-mips64el-0.21.5.tgz",
      "integrity": "sha512-Qp/u+s/4C4nCdsK6D4yv1N1K9Ie7t5v071mOQ/W2tYQ5Y442fDNYi4B1jWETn7bM9iI01+F3x5FvA==",
      "cpu": [
        "mips64el"
      ],
      "dev": true,
      "optional": true,
      "os": [
        "linux"
      ],
      "engines": {
        "node": ">=12"
      }
    },
    "node_modules/@esbuild/linux-ppc64": {
      "version": "0.21.5",
      "resolved": "https://registry.npmjs.org/@esbuild/linux-ppc64/-/linux-ppc64-0.21.5.tgz",
      "integrity": "sha512-m372iY3d5T8h5B1XmC/h+kxdIq+8qg4vL1e4nIagT3X8Yf+oA+rP2u9kYtYm6Kxa2tWOk5eFv7F0hA==",
      "cpu": [
        "ppc64"
      ],
      "dev": true,
      "optional": true,
      "os": [
        "linux"
      ],
      "engines": {
        "node": ">=12"
      }
    },
    "node_modules/@esbuild/linux-riscv64": {
      "version": "0.21.5",
      "resolved": "https://registry.npmjs.org/@esbuild/linux-riscv64/-/linux-riscv64-0.21.5.tgz",
      "integrity": "sha512-k95/y2p8A0L+fExPj0T+zFkLpXg2gQ/tC9zQ5U+pY6cAm2JgTtrG7P0Qe/M7i4d455nJ+Fv8dCg8MA==",
      "cpu": [
        "riscv64"
      ],
      "dev": true,
      "optional": true,
      "os": [
        "linux"
      ],
      "engines": {
        "node": ">=12"
      }
    },
    "node_modules/@esbuild/linux-s390x": {
      "version": "0.21.5",
      "resolved": "https://registry.npmjs.org/@esbuild/linux-s390x/-/linux-s390x-0.21.5.tgz",
      "integrity": "sha512-c2l2b1kM6Q3yB4WpL4g1r+uN1lP/s5P381S/eYFp4k90yR/lG5lXbU8d3k5941Q4vS8/bHSDz+Mng==",
      "cpu": [
        "s390x"
      ],
      "dev": true,
      "optional": true,
      "os": [
        "linux"
      ],
      "engines": {
        "node": ">=12"
      }
    },
    "node_modules/@esbuild/linux-x64": {
      "version": "0.21.5",
      "resolved": "https://registry.npmjs.org/@esbuild/linux-x64/-/linux-x64-0.21.5.tgz",
      "integrity": "sha512-uD0wHlI4Nns2zL3z2Uf+AkmCgLh3yL0wTpjWJcW8yZfR4NXBf4bI1u+3mD+bH6A7gJ6Fz2yQ+82AFA==",
      "cpu": [
        "x64"
      ],
      "dev": true,
      "optional": true,
      "os": [
        "linux"
      ],
      "engines": {
        "node": ">=12"
      }
    },
    "node_modules/@esbuild/netbsd-x64": {
      "version": "0.21.5",
      "resolved": "https://registry.npmjs.org/@esbuild/netbsd-x64/-/netbsd-x64-0.21.5.tgz",
      "integrity": "sha512-9q5U+9q7F7jY1m2qK+3TqR4lMh2xY3u+F3n1r2C9NfVfNqF+iC21uJ5aM4qB+5T0Q+v5/5YjP2sEw==",
      "cpu": [
        "x64"
      ],
      "dev": true,
      "optional": true,
      "os": [
        "netbsd"
      ],
      "engines": {
        "node": ">=12"
      }
    },
    "node_modules/@esbuild/openbsd-x64": {
      "version": "0.21.5",
      "resolved": "https://registry.npmjs.org/@esbuild/openbsd-x64/-/openbsd-x64-0.21.5.tgz",
      "integrity": "sha512-w7a9g/w2P/4pD+b03W+gq8jC20y2v2lC/5r1y+y3H5+Iprh9hUoPTJ2H1Wb0jS0M4b5N52L/V/S2QQ==",
      "cpu": [
        "x64"
      ],
      "dev": true,
      "optional": true,
      "os": [
        "openbsd"
      ],
      "engines": {
        "node": ">=12"
      }
    },
    "node_modules/@esbuild/solaris-x64": {
      "version": "0.21.5",
      "resolved": "https://registry.npmjs.org/@esbuild/solaris-x64/-/solaris-x64-0.21.5.tgz",
      "integrity": "sha512-vD3Jt5w0zBw+o0dJz9622/gYCRwz4X/yA6+8xI5n4qU13w1H49dDILpL49Cba1gB+H20lJ4xG9r9g==",
      "cpu": [
        "x64"
      ],
      "dev": true,
      "optional": true,
      "os": [
        "solaris"
      ],
      "engines": {
        "node": ">=12"
      }
    },
    "node_modules/@esbuild/sunos-x64": {
      "version": "0.21.5",
      "resolved": "https://registry.npmjs.org/@esbuild/sunos-x64/-/sunos-x64-0.21.5.tgz",
      "integrity": "sha512-9A4t8tVp+h+b1y0C7cWY2D+zW1R4KCgLZ3N5BcgCg3S/n2VpPz1+A5/k0Ym41iM43fI8+1f1uO/+2A==",
      "cpu": [
        "x64"
      ],
      "dev": true,
      "optional": true,
      "os": [
        "sunos"
      ],
      "engines": {
        "node": ">=12"
      }
    },
    "node_modules/@esbuild/windows-arm64": {
      "version": "0.21.5",
      "resolved": "https://registry.npmjs.org/@esbuild/windows-arm64/-/windows-arm64-0.21.5.tgz",
      "integrity": "sha512-Ua4K4B8XgM2eA/q2+1mB5f/uQ1+d13tqIuW6hH07M7hAIjS8W1nUaH+2bHw6t2d6bTqE+R+uBaa5w==",
      "cpu": [
        "arm64"
      ],
      "dev": true,
      "optional": true,
      "os": [
        "win32"
      ],
      "engines": {
        "node": ">=12"
      }
    },
    "node_modules/@esbuild/windows-ia32": {
      "version": "0.21.5",
      "resolved": "https://registry.npmjs.org/@esbuild/windows-ia32/-/windows-ia32-0.21.5.tgz",
      "integrity": "sha512-J3s+0A4Q7qGtw1sU0a2yEkDPv/sK+hM1lM4nO3b934eU8xO05WjPmnZlR5M7F0H+yW6K6V/4Yd7sg==",
      "cpu": [
        "ia32"
      ],
      "dev": true,
      "optional": true,
      "os": [
        "win32"
      ],
      "engines": {
        "node": ">=12"
      }
    },
    "node_modules/@esbuild/windows-x64": {
      "version": "0.21.5",
      "resolved": "https://registry.npmjs.org/@esbuild/windows-x64/-/windows-x64-0.21.5.tgz",
      "integrity": "sha512-iM/u+qjP3Xk2hCgQyOF/N76aV1rvI0V20uV2nsKjFij+b+KQMqWfK5hLp/pI7g36bEwI9aJb+15D8g==",
      "cpu": [
        "x64"
      ],
      "dev": true,
      "optional": true,
      "os": [
        "win32"
      ],
      "engines": {
        "node": ">=12"
      }
    },
    "node_modules/@types/node": {
      "version": "20.14.9",
      "resolved": "https://registry.npmjs.org/@types/node/-/node-20.14.9.tgz",
      "integrity": "sha512-06OCtnREn0QzObbiG32PaQk64F/4CnKkHpqw+M0w71T2I0ZscY0g+nPFoILi2H9vH6w4dJ+pYpZ5F4aHlc+rJw==",
      "dev": true,
      "dependencies": {
        "undici-types": "~5.26.4"
      }
    },
    "node_modules/@types/prop-types": {
      "version": "15.7.12",
      "resolved": "https://registry.npmjs.org/@types/prop-types/-/prop-types-15.7.12.tgz",
      "integrity": "sha512-5zvhXYS3icfN1wSU2wG2X42ERdGoCFnsvVqwY9J6c+PMMH3sZE4dcPC9t8rqga7N7+QOchb3Y6aFaA/TTrz9gQ==",
      "dev": true
    },
    "node_modules/@types/react": {
      "version": "18.3.3",
      "resolved": "https://registry.npmjs.org/@types/react/-/react-18.3.3.tgz",
      "integrity": "sha512-hti/R0pS0q1/xx+TsI73S6SqvbewHk2T0nLODX3iB5ht-eEqGXRiQhcVQoxGz05i2KpT+d9ocOa2GCViSgIzLg==",
      "dev": true,
      "dependencies": {
        "@types/prop-types": "*",
        "csstype": "^3.0.2"
      }
    },
    "node_modules/@types/react-dom": {
      "version": "18.3.0",
      "resolved": "https://registry.npmjs.org/@types/react-dom/-/react-dom-18.3.0.tgz",
      "integrity": "sha512-dCUnrTCqM26NnC2o//j34Tp62H2UHSt4TlgY1v5a2/1aStsmnl3a3OYRO7T834HEmLTAPdC9FSU3flqj2x1gPg==",
      "dev": true,
      "dependencies": {
        "@types/react": "*"
      }
    },
    "node_modules/@vitejs/plugin-react": {
      "version": "4.3.1",
      "resolved": "https://registry.npmjs.org/@vitejs/plugin-react/-/plugin-react-4.3.1.tgz",
      "integrity": "sha512-yA/f9k1rStm9N5rdLcN3w+m5j3f0Z2PA7YhG0sML1dSWsF034BfLNTk79z22T+3wz/ePZ9hS/tPZ1AXX4pTzSQ==",
      "dev": true,
      "dependencies": {
        "@babel/runtime": "^7.24.0"
      },
      "engines": {
        "node": "^18.0.0 || >=20.0.0"
      },
      "peerDependencies": {
        "vite": "^4.3.0 || ^5.0.0"
      },
      "peerDependenciesMeta": {
        "react": {
          "optional": true
        }
      }
    },
    "node_modules/csstype": {
      "version": "3.1.3",
      "resolved": "https://registry.npmjs.org/csstype/-/csstype-3.1.3.tgz",
      "integrity": "sha512-M1uQkMl8r3qOkIPDmfEUnA2bEnS3/IryOzPisMVp9+gEC2nryNfD9Ir9a6EDpdNBr6XCoPJeRDWjSP2pP44ZTw==",
      "dev": true
    },
    "node_modules/esbuild": {
      "version": "0.21.5",
      "resolved": "https://registry.npmjs.org/esbuild/-/esbuild-0.21.5.tgz",
      "integrity": "sha512-LffgM3HqYe5eSCfBo3iNU3f/H8e4SrgA+D7324nEpfB6N8Td5pI2d/2j2EuaaP+cmz8d0lX23/d0xtf3Ld4QFA==",
      "dev": true,
      "hasInstallScript": true,
      "bin": {
        "esbuild": "bin/esbuild"
      },
      "engines": {
        "node": ">=12"
      },
      "optionalDependencies": {
        "@esbuild/android-arm": "0.21.5",
        "@esbuild/android-arm64": "0.21.5",
        "@esbuild/android-x64": "0.21.5",
        "@esbuild/darwin-arm64": "0.21.5",
        "@esbuild/darwin-x64": "0.21.5",
        "@esbuild/freebsd-arm64": "0.21.5",
        "@esbuild/freebsd-x64": "0.21.5",
        "@esbuild/linux-arm": "0.21.5",
        "@esbuild/linux-arm64": "0.21.5",
        "@esbuild/linux-ia32": "0.21.5",
        "@esbuild/linux-loong64": "0.21.5",
        "@esbuild/linux-mips64el": "0.21.5",
        "@esbuild/linux-ppc64": "0.21.5",
        "@esbuild/linux-riscv64": "0.21.5",
        "@esbuild/linux-s390x": "0.21.5",
        "@esbuild/linux-x64": "0.21.5",
        "@esbuild/netbsd-x64": "0.21.5",
        "@esbuild/openbsd-x64": "0.21.5",
        "@esbuild/solaris-x64": "0.21.5",
        "@esbuild/sunos-x64": "0.21.5",
        "@esbuild/windows-arm64": "0.21.5",
        "@esbuild/windows-ia32": "0.21.5",
        "@esbuild/windows-x64": "0.21.5"
      }
    },
    "node_modules/fsevents": {
      "version": "2.3.3",
      "resolved": "https://registry.npmjs.org/fsevents/-/fsevents-2.3.3.tgz",
      "integrity": "sha512-OMNg2LaLzYqTklDjd1I2U92+bTYhDF4/fLht3E1VfHrtZ2weBY+c40h2aWdG4y3QmOo3DkG4BfFmP2s1b9S1BA==",
      "dev": true,
      "hasInstallScript": true,
      "optional": true,
      "os": [
        "darwin"
      ],
      "engines": {
        "node": "^8.16.0 || ^10.6.0 || >=11.0.0"
      }
    },
    "node_modules/js-tokens": {
      "version": "4.0.0",
      "resolved": "https://registry.npmjs.org/js-tokens/-/js-tokens-4.0.0.tgz",
      "integrity": "sha512-RdJUflcE3cUzKiMqQgsCu06FPu9UdIJO0beYbPhHN4k6apgJtifcoCtT9bcxOpYBtpD2kCM6Sbzg4CausW/PKQ=="
    },
    "node_modules/loose-envify": {
      "version": "1.4.0",
      "resolved": "https://registry.npmjs.org/loose-envify/-/loose-envify-1.4.0.tgz",
      "integrity": "sha512-lyuxPGr/Wfhrlem2CL/UcnUc1zcqKAImBDzukY7Y5F/yQiNdBRN0EDAtGSdBIApWeub9DDrc1QC64uJI3W8JUw==",
      "bin": {
        "loose-envify": "cli.js"
      }
    },
    "node_modules/nanoid": {
      "version": "3.3.7",
      "resolved": "https://registry.npmjs.org/nanoid/-/nanoid-3.3.7.tgz",
      "integrity": "sha512-eSP3b_ff2R2N8g4UosN2d3zlb2lVz3st2r6i+m2A2mCptOhOtu9o1crTa7BIe1N2BwP/5p3Cuv5L2n34lA/LgA==",
      "dev": true,
      "bin": {
        "nanoid": "bin/nanoid.js"
      },
      "engines": {
        "node": "^10 || ^12 || ^13.7 || ^14 || >=15.0.1"
      }
    },
    "node_modules/picocolors": {
      "version": "1.0.1",
      "resolved": "https://registry.npmjs.org/picocolors/-/picocolors-1.0.1.tgz",
      "integrity": "sha512-anQDJ0D0nbV8nTuG3b2DMMg4m1PWe3uJoa9NJAB+0y1V52m5PkpE6VLd9QWj5T4vIeitBw9lXv2w+hB5p/p0wA==",
      "dev": true
    },
    "node_modules/postcss": {
      "version": "8.4.39",
      "resolved": "https://registry.npmjs.org/postcss/-/postcss-8.4.39.tgz",
      "integrity": "sha512-y2rAIy0iE22i4uYq2v44Q2b0f4EnY/V4j7/Vdg99i92eABiQLQKLQRxmooAbSoC3h3lb+9v0a2V323j2fA5J2A==",
      "dev": true,
      "dependencies": {
        "nanoid": "^3.3.7",
        "picocolors": "^1.0.1",
        "source-map-js": "^1.2.0"
      },
      "engines": {
        "node": "^12 || ^14 || >=16"
      }
    },
    "node_modules/react": {
      "version": "18.3.1",
      "resolved": "https://registry.npmjs.org/react/-/react-18.3.1.tgz",
      "integrity": "sha512-wS+hAgJ0G1htOKIBA+ErWAwAmftSFlIm0oNVeVAFoidvrfThCb03SgS2t4oU+F6ZAaB3EPU9w150D3285v/xMw==",
      "dependencies": {
        "loose-envify": "^1.1.0"
      },
      "engines": {
        "node": ">=0.10.0"
      }
    },
    "node_modules/react-dom": {
      "version": "18.3.1",
      "resolved": "https://registry.npmjs.org/react-dom/-/react-dom-18.3.1.tgz",
      "integrity": "sha512-5m4nQKp+rD/pTCStldLkvQMs84V16c4G2k2K3s9AholVvAX8x1k23iFk+7A5n9sYmaTdiI7iVnAXi1Kk1Y4EOg==",
      "dependencies": {
        "loose-envify": "^1.1.0",
        "scheduler": "^0.23.2"
      },
      "peerDependencies": {
        "react": "^18.3.1"
      }
    },
    "node_modules/regenerator-runtime": {
      "version": "0.14.1",
      "resolved": "https://registry.npmjs.org/regenerator-runtime/-/regenerator-runtime-0.14.1.tgz",
      "integrity": "sha512-dYnhHh0nJoMfnkZs6GmmhFknAGRrLznOu5nc9ML+EJxGvrx6H7teuevqVqCuPcPK//3eDrrjQhehXVx9cnkGdw==",
      "dev": true
    },
    "node_modules/rollup": {
      "version": "4.18.0",
      "resolved": "https://registry.npmjs.org/rollup/-/rollup-4.18.0.tgz",
      "integrity": "sha512-AepX+y59ALW2oEk+i1p/bYk1gE9/iYgI57QYV+RtXf1kUPa4FDbEdU7p+w5Fp30v5p76/x7Z3I04S5+lTgFUnQ==",
      "dev": true,
      "bin": {
        "rollup": "dist/bin/rollup"
      },
      "engines": {
        "node": ">=18.0.0",
        "npm": ">=8.0.0"
      },
      "optionalDependencies": {
        "fsevents": "~2.3.2"
      }
    },
    "node_modules/scheduler": {
      "version": "0.23.2",
      "resolved": "https://registry.npmjs.org/scheduler/-/scheduler-0.23.2.tgz",
      "integrity": "sha512-EaCxDggTCeyQgrbMh3sht1lDndwK0wy2L/h/b32e18hn2I3coi4prAE28NO5x/3dDDU/+2Vz3TqA6a2QnHe+qw==",
      "dependencies": {
        "loose-envify": "^1.1.0"
      }
    },
    "node_modules/source-map-js": {
      "version": "1.2.0",
      "resolved": "https://registry.npmjs.org/source-map-js/-/source-map-js-1.2.0.tgz",
      "integrity": "sha512-itJW8lvSA0imCUNgE5r3zNtFnsVqs0R3lH0PwnK65xGmcY43z6i2iWE3kK/ttrbB6pL2oQ2vQkG1gx0nQxot2Q==",
      "dev": true,
      "engines": {
        "node": ">=0.10.0"
      }
    },
    "node_modules/typescript": {
      "version": "5.5.3",
      "resolved": "https://registry.npmjs.org/typescript/-/typescript-5.5.3.tgz",
      "integrity": "sha512-2TSMpj2K6whE/6K03MTS3oCVJT6czM3zAmTBlbQZHB1/fq1b3l5xG4+pnpVwBwS0i+L4W+j/Crz2wB5LLw1QeQ==",
      "dev": true,
      "bin": {
        "tsc": "bin/tsc",
        "tsserver": "bin/tsserver"
      },
      "engines": {
        "node": ">=14.17"
      }
    },
    "node_modules/undici-types": {
      "version": "5.26.5",
      "resolved": "https://registry.npmjs.org/undici-types/-/undici-types-5.26.5.tgz",
      "integrity": "sha512-JlCMO+ehdEIKqlFxk6IfVoAUVmgz7cU7zD/h9XZ0qzeosSHmUJVOzSQvvYSYWXkFXC+IfLKSIffhv0sVZup6pA==",
      "dev": true
    },
    "node_modules/vite": {
      "version": "5.3.1",
      "resolved": "https://registry.npmjs.org/vite/-/vite-5.3.1.tgz",
      "integrity": "sha512-3DkxnYo6TCE6PMRV3Ie/T2781yqh2f1Nl5Co+3bZLxKwb3U3wACdG5hA3uLhFwGzN/gq5I7gajg76P/+D0A/Vg==",
      "dev": true,
      "dependencies": {
        "esbuild": "^0.21.0",
        "postcss": "^8.4.38",
        "rollup": "^4.17.2"
      },
      "bin": {
        "vite": "bin/vite.js"
      },
      "engines": {
        "node": "^18.0.0 || >=20.0.0"
      },
      "funding": {
        "url": "https://github.com/sponsors/yyx990803"
      },
      "optionalDependencies": {
        "fsevents": "~2.3.2"
      },
      "peerDependencies": {
        "@types/node": "^18.0.0 || >=20.0.0",
        "terser": "^5.4.0"
      },
      "peerDependenciesMeta": {
        "@types/node": {
          "optional": true
        },
        "lightningcss": {
          "optional": true
        },
        "sass": {
          "optional": true
        },
        "stylus": {
          "optional": true
        },
        "terser": {
          "optional": true
        }
      }
    }
  }
}
